
Microsoft Visual Studio Solution File, Format Version 12.00
# Visual Studio 14
VisualStudioVersion = 14.0.25420.1
MinimumVisualStudioVersion = 10.0.40219.1
Project("{8BC9CEB8-8B4A-11D0-8D11-00A0C91BC942}") = "MFC2020.03.10.test2", "MFC2020.03.10.test2\MFC2020.03.10.test2.vcxproj", "{EEC41497-59BA-40C3-B661-276400E45CB9}"
EndProject
Global
	GlobalSection(SolutionConfigurationPlatforms) = preSolution
		Debug|x64 = Debug|x64
		Debug|x86 = Debug|x86
		Release|x64 = Release|x64
		Release|x86 = Release|x86
	EndGlobalSection
	GlobalSection(ProjectConfigurationPlatforms) = postSolution
		{EEC41497-59BA-40C3-B661-276400E45CB9}.Debug|x64.ActiveCfg = Debug|x64
		{EEC41497-59BA-40C3-B661-276400E45CB9}.Debug|x64.Build.0 = Debug|x64
		{EEC41497-59BA-40C3-B661-276400E45CB9}.Debug|x86.ActiveCfg = Debug|Win32
		{EEC41497-59BA-40C3-B661-276400E45CB9}.Debug|x86.Build.0 = Debug|Win32
		{EEC41497-59BA-40C3-B661-276400E45CB9}.Release|x64.ActiveCfg = Release|x64
		{EEC41497-59BA-40C3-B661-276400E45CB9}.Release|x64.Build.0 = Release|x64
		{EEC41497-59BA-40C3-B661-276400E45CB9}.Release|x86.ActiveCfg = Release|Win32
		{EEC41497-59BA-40C3-B661-276400E45CB9}.Release|x86.Build.0 = Release|Win32
	EndGlobalSection
	GlobalSection(SolutionProperties) = preSolution
		HideSolutionNode = FALSE
	EndGlobalSection
EndGlobal
